filippo.io/edwards25519 v1.0.0 h1:0wAIcmJUqybZqV05nVvgdJ4kqaIBtmqyQmKslC3cZQ=
filippo.io/edwards25519 v1.0.0/go.mod h1:BtxoFyWECF5V+yXZ23JJAxubLvLnqO8o5DUL2PI6L0=
github.com/google/uuid v1.5.0 h1:1mNM0qseay0QvLVeD2H3jvqddR5rnKCsjrmyQmeaQQ=
github.com/google/uuid v1.5.0/go.mod h1:TIyPZe4MgqvfeYDBFedMoGGpEw/LqJQCaC5fhdAgCg=
github.com/gorilla/websocket v1.5.1 h1:gsLlCkeCSf2fssqRnZLpVVFXT6Ze2NavnNYtTzYGAY=
github.com/gorilla/websocket v1.5.1/go.mod h1:x3kM2wBPiP6SwaVyCjqQefIem5sEHM+BOUHtR3oDg0=
github.com/lib/pq v1.10.9 h1:YXG7RB+JIjhP29X+OtkiDnNstKsB/0l64lXIQcYeTM=
github.com/lib/pq v1.10.9/go.mod h1:AlVSvNznvuEl+CO1nO2I60AlPxJEMUXHg1f588+G+I=
go.mau.fi/libsignal v0.0.0-20230822203822-74ee0f7b8767 h1:d8z7VinG4VlDkI7WX1VhKTvLXmQyOmEYWmVnPDjm6s=
go.mau.fi/libsignal v0.0.0-20230822203822-74ee0f7b8767/go.mod h1:sHvGEP7bLSbEKlqN2zzlGqKCjqoUW0xXEaH8N8TbA=
go.mau.fi/util v0.0.0-20230913203649-171a3477bae4 h1:CqLDpFqXqVrKJlxWmHARApHMdMkPqe98+XKV5T5pwE=
go.mau.fi/util v0.0.0-20230913203649-171a3477bae4/go.mod h1:OayPaYtwseMZR5vN8N7dU5k1K4rNq/eHKkJ7YCcXso=
go.mau.fi/whatsmeow v0.0.0-20240124085747-12ec4e9e89b6 h1:3a7pfGdbzMZXRm5fLlHqS2hP1L7ItXLw3G0EqOV15w=
go.mau.fi/whatsmeow v0.0.0-20240124085747-12ec4e9e89b6/go.mod h1:sV5IY9D8f3R49xMJVEcqqpvZKgJUd68kp9IYR9jLJk=
github.com/google/go-cmp v0.5.9 h1:O2Tfq5qg4qc4AmwVlvv0oLiVAobobz9mO50DJSDsok=
github.com/google/go-cmp v0.5.9/go.mod h1:17dUlkBOakJ0+DkrSSNNcA0iq0aZL0SQiSTLWvZbZY=
golang.org/x/crypto v0.17.0 h1:ucLwZj40iheSPoFD8KO6sSmjksUmMyGHnaoFr5rsxeU=
golang.org/x/crypto v0.17.0/go.mod h1:gCAAfMLgwOJRpqjZxNNZoDHdBCgIPQrJ6SmI47IEDA=
golang.org/x/net v0.19.0 h1:zTwKpTd2XuCqf8huc7Foo7sJ4cz3aXYOhV5hPaR9Q8=
golang.org/x/net v0.19.0/go.mod h1:CfAk/cbD4CthTvqiO8kqKDjVIcqO6DiucMOPc518q4=
golang.org/x/sys v0.15.0 h1:frVn1UL6QaFZZQp7lG4rr6M01lj8bKvAK0wPT4vLhw=
golang.org/x/sys v0.15.0/go.mod h1:/VUhepP/nFMuJYAU9wLZWpZPjIBjsGx40QJvkIniQo=
golang.org/x/text v0.13.0 h1:ablQoSUd0tRdKxZTMJvecJ9+9DJWFEJaoOhX7W+qAE=
golang.org/x/text v0.13.0/go.mod h1:TvPlkZIkfVEJccdIVfH2RPackuNYzV1QFc9DttlB94=
google.golang.org/protobuf v1.32.0 h1:pPC6BG5ex8PDFnkbrGU3Eixbc2V4AD9liZa5DXwbkw=
google.golang.org/protobuf v1.32.0/go.mod h1:c6P6iRQ476ZM0DxkL9FhdpV4U2r9c+PH5dBX+gIkLU=